
Microsoft Visual Studio Solution File, Format Version 12.00
# Visual Studio Version 17
VisualStudioVersion = 17.9.34902.65
MinimumVisualStudioVersion = 10.0.40219.1
Project("{9A19103F-16F7-4668-BE54-9A1E7A4F7556}") = "ECommerce", "ECommerce.csproj", "{9359BAFD-3D96-4E50-91E0-4364324CAE8D}"
EndProject
Project("{FAE04EC0-301F-11D3-BF4B-00C04F79EFBC}") = "Domains", "..\Domains\Domains.csproj", "{A7530528-90F0-4163-9028-37ABFDE0FFB6}"
EndProject
Project("{FAE04EC0-301F-11D3-BF4B-00C04F79EFBC}") = "BL", "..\BL\BL.csproj", "{432F2E3E-D784-4B3F-8C73-E2830059A82F}"
EndProject
Global
	GlobalSection(SolutionConfigurationPlatforms) = preSolution
		Debug|Any CPU = Debug|Any CPU
		Release|Any CPU = Release|Any CPU
	EndGlobalSection
	GlobalSection(ProjectConfigurationPlatforms) = postSolution
		{9359BAFD-3D96-4E50-91E0-4364324CAE8D}.Debug|Any CPU.ActiveCfg = Debug|Any CPU
		{9359BAFD-3D96-4E50-91E0-4364324CAE8D}.Debug|Any CPU.Build.0 = Debug|Any CPU
		{9359BAFD-3D96-4E50-91E0-4364324CAE8D}.Release|Any CPU.ActiveCfg = Release|Any CPU
		{9359BAFD-3D96-4E50-91E0-4364324CAE8D}.Release|Any CPU.Build.0 = Release|Any CPU
		{A7530528-90F0-4163-9028-37ABFDE0FFB6}.Debug|Any CPU.ActiveCfg = Debug|Any CPU
		{A7530528-90F0-4163-9028-37ABFDE0FFB6}.Debug|Any CPU.Build.0 = Debug|Any CPU
		{A7530528-90F0-4163-9028-37ABFDE0FFB6}.Release|Any CPU.ActiveCfg = Release|Any CPU
		{A7530528-90F0-4163-9028-37ABFDE0FFB6}.Release|Any CPU.Build.0 = Release|Any CPU
		{432F2E3E-D784-4B3F-8C73-E2830059A82F}.Debug|Any CPU.ActiveCfg = Debug|Any CPU
		{432F2E3E-D784-4B3F-8C73-E2830059A82F}.Debug|Any CPU.Build.0 = Debug|Any CPU
		{432F2E3E-D784-4B3F-8C73-E2830059A82F}.Release|Any CPU.ActiveCfg = Release|Any CPU
		{432F2E3E-D784-4B3F-8C73-E2830059A82F}.Release|Any CPU.Build.0 = Release|Any CPU
	EndGlobalSection
	GlobalSection(SolutionProperties) = preSolution
		HideSolutionNode = FALSE
	EndGlobalSection
	GlobalSection(ExtensibilityGlobals) = postSolution
		SolutionGuid = {BB386287-6B4E-44A5-873B-3BC5E5D3F6B3}
	EndGlobalSection
EndGlobal
